# This file is automatically @generated by Poetry 1.6.1 and should not be changed by hand.

[[package]]
name = "llvmlite"
version = "0.41.0"
description = "lightweight wrapper around basic LLVM functionality"
optional = false
python-versions = ">=3.8"
files = [
    {file = "llvmlite-0.41.0-cp310-cp310-macosx_10_9_x86_64.whl", hash = "sha256:acc81c1279f858e5eab460844cc381e30d6666bc8eea04724b54d4eeb1fd1e54"},
    {file = "llvmlite-0.41.0-cp310-cp310-macosx_11_0_arm64.whl", hash = "sha256:013000a11df84a8b5e4f7fbf2513896ca48441c527d9ae8e375da92bc5575d08"},
    {file = "llvmlite-0.41.0-cp310-cp310-manylinux_2_17_aarch64.manylinux2014_aarch64.whl", hash = "sha256:f1b5df30581eb8dbdee0e17a1217debb1d7dcd61a092a09726afff441dad5a67"},
    {file = "llvmlite-0.41.0-cp310-cp310-manylinux_2_17_x86_64.manylinux2014_x86_64.whl", hash = "sha256:fe265129ecd18957d3653cfb17df1632fa2c57fd0bac1960bc20a8c3ca961197"},
    {file = "llvmlite-0.41.0-cp310-cp310-win32.whl", hash = "sha256:6e477d23afbdddb3dde789d29a771e23bcfa1b12485156370dba9df05d529d94"},
    {file = "llvmlite-0.41.0-cp310-cp310-win_amd64.whl", hash = "sha256:93ce07a0a6d98ff2fcc34e7d2d315d8d09f6a737539e089f1a8cbe4a3a0313bf"},
    {file = "llvmlite-0.41.0-cp311-cp311-macosx_10_9_x86_64.whl", hash = "sha256:dabfb1a28d26b8c01228f59aec90a61324203dda6b1465c596d577d6380545e8"},
    {file = "llvmlite-0.41.0-cp311-cp311-macosx_11_0_arm64.whl", hash = "sha256:741bb2ab7712c4763483189f0684163fb3ac44087c617698c50654c7d7ab6a24"},
    {file = "llvmlite-0.41.0-cp311-cp311-manylinux_2_17_aarch64.manylinux2014_aarch64.whl", hash = "sha256:f7b7022f1e2f652722ddd5697987f1aeaf0c9a64f2ee324e03f6e060b28a1bbd"},
    {file = "llvmlite-0.41.0-cp311-cp311-manylinux_2_17_x86_64.manylinux2014_x86_64.whl", hash = "sha256:70feadac822f8840f2db6cbb662f1b349fe5d375d8ceb9c907f3919e005dc705"},
    {file = "llvmlite-0.41.0-cp311-cp311-win_amd64.whl", hash = "sha256:21191c6a9fb4a86d71ec72debbaf39db49590a950c8a2a4ac792c41d16b0a61a"},
    {file = "llvmlite-0.41.0-cp38-cp38-macosx_10_9_x86_64.whl", hash = "sha256:0d94e531c763340344198f2c31af6af7b665e9cd2b354e31afa5cf4abfce0a8e"},
    {file = "llvmlite-0.41.0-cp38-cp38-macosx_11_0_arm64.whl", hash = "sha256:d8997264291e822689f7d6df4716638f35ff586bef5b8be40e2ba77d6bd9405c"},
    {file = "llvmlite-0.41.0-cp38-cp38-manylinux_2_17_aarch64.manylinux2014_aarch64.whl", hash = "sha256:de31585b867e8d9bae0c15f03e8bf541afcff66ffa5f61e401a738274702bdcd"},
    {file = "llvmlite-0.41.0-cp38-cp38-manylinux_2_17_x86_64.manylinux2014_x86_64.whl", hash = "sha256:57c0a3fd031936461f9f24f4cace80a86c9ba09d8b02fa87c209607aae2463cb"},
    {file = "llvmlite-0.41.0-cp38-cp38-win32.whl", hash = "sha256:0c79cb7e88403d6c64385bf1e63797af0884caf1f4afa3c8c4bbef1920e28148"},
    {file = "llvmlite-0.41.0-cp38-cp38-win_amd64.whl", hash = "sha256:6c40e290d930b09bbebe0d05c750b8a9e20af147e8cec8d62aa42e874f46dbfa"},
    {file = "llvmlite-0.41.0-cp39-cp39-macosx_10_9_x86_64.whl", hash = "sha256:24b3f7e258ea7c07ebf9f70c772e25619de8d207192254beb7644b818a97440b"},
    {file = "llvmlite-0.41.0-cp39-cp39-macosx_11_0_arm64.whl", hash = "sha256:876cd5f53cfe51d3a5cf7952dc1a25bd6158f5795739b1f8159c3591b32ed3cb"},
    {file = "llvmlite-0.41.0-cp39-cp39-manylinux_2_17_aarch64.manylinux2014_aarch64.whl", hash = "sha256:8218d307bd89535207fea1cc1ef5498afcb6d0203153dba214058715fecdb699"},
    {file = "llvmlite-0.41.0-cp39-cp39-manylinux_2_17_x86_64.manylinux2014_x86_64.whl", hash = "sha256:27d9d11c8dcdb8a8e14e92d0be5bba60f15bdf2fc116b8d27cab40221093a1b0"},
    {file = "llvmlite-0.41.0-cp39-cp39-win32.whl", hash = "sha256:a4af8722ad6cb0dd2d5454ebc5a7bf90867df5f3fcb0787396a3261052caefda"},
    {file = "llvmlite-0.41.0-cp39-cp39-win_amd64.whl", hash = "sha256:f150e127d6bc0e74633b8ba210776b0b6fdc82af6dfebf0794318ea97634acd0"},
    {file = "llvmlite-0.41.0.tar.gz", hash = "sha256:7d41db345d76d2dfa31871178ce0d8e9fd8aa015aa1b7d4dab84b5cb393901e0"},
]

[[package]]
name = "mpmath"
version = "1.3.0"
description = "Python library for arbitrary-precision floating-point arithmetic"
optional = false
python-versions = "*"
files = [
    {file = "mpmath-1.3.0-py3-none-any.whl", hash = "sha256:a0b2b9fe80bbcd81a6647ff13108738cfb482d481d826cc0e02f5b35e5c88d2c"},
    {file = "mpmath-1.3.0.tar.gz", hash = "sha256:7a28eb2a9774d00c7bc92411c19a89209d5da7c4c9a9e227be8330a23a25b91f"},
]

[package.extras]
develop = ["codecov", "pycodestyle", "pytest (>=4.6)", "pytest-cov", "wheel"]
docs = ["sphinx"]
gmpy = ["gmpy2 (>=2.1.0a4)"]
tests = ["pytest (>=4.6)"]

[[package]]
name = "numba"
version = "0.58.0"
description = "compiling Python code using LLVM"
optional = false
python-versions = ">=3.8"
files = [
    {file = "numba-0.58.0-cp310-cp310-macosx_10_9_x86_64.whl", hash = "sha256:2f146c11af62ad25021d93fccf48715a96d1ea76d43c1c3bc97dca561c6a2693"},
    {file = "numba-0.58.0-cp310-cp310-macosx_11_0_arm64.whl", hash = "sha256:8059ee491651885f89655f08856a107aa610e3355b373f3b7437f1da96f09703"},
    {file = "numba-0.58.0-cp310-cp310-manylinux2014_aarch64.manylinux_2_17_aarch64.whl", hash = "sha256:8bd9edd27ab29e80bcf4083f9955c4a8871075a13a370b3bef99f81e184541fa"},
    {file = "numba-0.58.0-cp310-cp310-manylinux2014_x86_64.manylinux_2_17_x86_64.whl", hash = "sha256:7ee9f5fd962e0ada0e68df67a6ff881f95b45e0ae7cb96141e913337040d490b"},
    {file = "numba-0.58.0-cp310-cp310-win_amd64.whl", hash = "sha256:398ab539257df8e980ec2f9cdfae836bb965fadc2dd30db3fcfbf3aefa542836"},
    {file = "numba-0.58.0-cp311-cp311-macosx_10_9_x86_64.whl", hash = "sha256:e61a1fa0ab7d290f0a43d8523b372f96765db6ceb6a691660c17e9ed609cb470"},
    {file = "numba-0.58.0-cp311-cp311-macosx_11_0_arm64.whl", hash = "sha256:8a9b69cc6259131791822c5eb893b03cd9372f4aae669d020500565b6d5d80bc"},
    {file = "numba-0.58.0-cp311-cp311-manylinux2014_aarch64.manylinux_2_17_aarch64.whl", hash = "sha256:e7b42b23c36cf08fcfe1a8f2acf3a0af95b41f9ee07fc81b28d7b9b5ada85d8c"},
    {file = "numba-0.58.0-cp311-cp311-manylinux2014_x86_64.manylinux_2_17_x86_64.whl", hash = "sha256:0d7a5e81e4047a23986f816b48ac46616ceb4eadbff6bbe739944d36b3bdbfe7"},
    {file = "numba-0.58.0-cp311-cp311-win_amd64.whl", hash = "sha256:0ce322178ff7006b7f50dad25b042ef64c6393f2fafafa79c0498d789b1aac27"},
    {file = "numba-0.58.0-cp38-cp38-macosx_10_9_x86_64.whl", hash = "sha256:f3934eab4eb1c07c8f067e99350b99f70b2ca77d5aa3911d365643171f771157"},
    {file = "numba-0.58.0-cp38-cp38-macosx_11_0_arm64.whl", hash = "sha256:5cee5f22f7fbb2ef445e422aeafe5d38bf71a52c8bb34d22c1e145afa4034d6b"},
    {file = "numba-0.58.0-cp38-cp38-manylinux2014_aarch64.manylinux_2_17_aarch64.whl", hash = "sha256:121bf98a2b02e0611af3bfab3995fed990db58c4bfc6c225332ccdaf37e312e7"},
    {file = "numba-0.58.0-cp38-cp38-manylinux2014_x86_64.manylinux_2_17_x86_64.whl", hash = "sha256:0734614d3e92eb01f848b8595be116f9c8ad997f8cf77672f3ba53c511f1429d"},
    {file = "numba-0.58.0-cp38-cp38-win_amd64.whl", hash = "sha256:48bcaae337ee450e38bf3796b4e1a166909c339f1757b6110e6adcf42c1e6c3e"},
    {file = "numba-0.58.0-cp39-cp39-macosx_10_9_x86_64.whl", hash = "sha256:a5f99806d5c9671dc927a8a489bc0c88e79be51e9775d6a3c68dbfdf585cd7e9"},
    {file = "numba-0.58.0-cp39-cp39-macosx_11_0_arm64.whl", hash = "sha256:9dade55ee5f1b8c5e3e0db95449fdc5b7b4244c1a7fa133bd664cbfc1027bafe"},
    {file = "numba-0.58.0-cp39-cp39-manylinux2014_aarch64.manylinux_2_17_aarch64.whl", hash = "sha256:7e182f3296dfcbafcd23b9263baeb350ad5adcacd081f1b3ec927a9fb325cca8"},
    {file = "numba-0.58.0-cp39-cp39-manylinux2014_x86_64.manylinux_2_17_x86_64.whl", hash = "sha256:f80aee7889e82ab9c4770e02b21ca4e3ca15cc8c829c173fc27b77ab0529b5cb"},
    {file = "numba-0.58.0-cp39-cp39-win_amd64.whl", hash = "sha256:477f429bb593dd3fc8d84b44f199e8e30268a7cfeb96c8464cb393d401de4f45"},
    {file = "numba-0.58.0.tar.gz", hash = "sha256:e5d5a318dc65a101ef846d7fd93f3cf2f7942494019e8342e51238b360739125"},
]

[package.dependencies]
llvmlite = "==0.41.*"
numpy = ">=1.21,<1.26"

[[package]]
name = "numpy"
version = "1.25.2"
description = "Fundamental package for array computing in Python"
optional = false
python-versions = ">=3.9"
files = [
    {file = "numpy-1.25.2-cp310-cp310-macosx_10_9_x86_64.whl", hash = "sha256:db3ccc4e37a6873045580d413fe79b68e47a681af8db2e046f1dacfa11f86eb3"},
    {file = "numpy-1.25.2-cp310-cp310-macosx_11_0_arm64.whl", hash = "sha256:90319e4f002795ccfc9050110bbbaa16c944b1c37c0baeea43c5fb881693ae1f"},
    {file = "numpy-1.25.2-cp310-cp310-manylinux_2_17_aarch64.manylinux2014_aarch64.whl", hash = "sha256:dfe4a913e29b418d096e696ddd422d8a5d13ffba4ea91f9f60440a3b759b0187"},
    {file = "numpy-1.25.2-cp310-cp310-manylinux_2_17_x86_64.manylinux2014_x86_64.whl", hash = "sha256:f08f2e037bba04e707eebf4bc934f1972a315c883a9e0ebfa8a7756eabf9e357"},
    {file = "numpy-1.25.2-cp310-cp310-musllinux_1_1_x86_64.whl", hash = "sha256:bec1e7213c7cb00d67093247f8c4db156fd03075f49876957dca4711306d39c9"},
    {file = "numpy-1.25.2-cp310-cp310-win32.whl", hash = "sha256:7dc869c0c75988e1c693d0e2d5b26034644399dd929bc049db55395b1379e044"},
    {file = "numpy-1.25.2-cp310-cp310-win_amd64.whl", hash = "sha256:834b386f2b8210dca38c71a6e0f4fd6922f7d3fcff935dbe3a570945acb1b545"},
    {file = "numpy-1.25.2-cp311-cp311-macosx_10_9_x86_64.whl", hash = "sha256:c5462d19336db4560041517dbb7759c21d181a67cb01b36ca109b2ae37d32418"},
    {file = "numpy-1.25.2-cp311-cp311-macosx_11_0_arm64.whl", hash = "sha256:c5652ea24d33585ea39eb6a6a15dac87a1206a692719ff45d53c5282e66d4a8f"},
    {file = "numpy-1.25.2-cp311-cp311-manylinux_2_17_aarch64.manylinux2014_aarch64.whl", hash = "sha256:0d60fbae8e0019865fc4784745814cff1c421df5afee233db6d88ab4f14655a2"},
    {file = "numpy-1.25.2-cp311-cp311-manylinux_2_17_x86_64.manylinux2014_x86_64.whl", hash = "sha256:60e7f0f7f6d0eee8364b9a6304c2845b9c491ac706048c7e8cf47b83123b8dbf"},
    {file = "numpy-1.25.2-cp311-cp311-musllinux_1_1_x86_64.whl", hash = "sha256:bb33d5a1cf360304754913a350edda36d5b8c5331a8237268c48f91253c3a364"},
    {file = "numpy-1.25.2-cp311-cp311-win32.whl", hash = "sha256:5883c06bb92f2e6c8181df7b39971a5fb436288db58b5a1c3967702d4278691d"},
    {file = "numpy-1.25.2-cp311-cp311-win_amd64.whl", hash = "sha256:5c97325a0ba6f9d041feb9390924614b60b99209a71a69c876f71052521d42a4"},
    {file = "numpy-1.25.2-cp39-cp39-macosx_10_9_x86_64.whl", hash = "sha256:b79e513d7aac42ae918db3ad1341a015488530d0bb2a6abcbdd10a3a829ccfd3"},
    {file = "numpy-1.25.2-cp39-cp39-macosx_11_0_arm64.whl", hash = "sha256:eb942bfb6f84df5ce05dbf4b46673ffed0d3da59f13635ea9b926af3deb76926"},
    {file = "numpy-1.25.2-cp39-cp39-manylinux_2_17_aarch64.manylinux2014_aarch64.whl", hash = "sha256:3e0746410e73384e70d286f93abf2520035250aad8c5714240b0492a7302fdca"},
    {file = "numpy-1.25.2-cp39-cp39-manylinux_2_17_x86_64.manylinux2014_x86_64.whl", hash = "sha256:d7806500e4f5bdd04095e849265e55de20d8cc4b661b038957354327f6d9b295"},
    {file = "numpy-1.25.2-cp39-cp39-musllinux_1_1_x86_64.whl", hash = "sha256:8b77775f4b7df768967a7c8b3567e309f617dd5e99aeb886fa14dc1a0791141f"},
    {file = "numpy-1.25.2-cp39-cp39-win32.whl", hash = "sha256:2792d23d62ec51e50ce4d4b7d73de8f67a2fd3ea710dcbc8563a51a03fb07b01"},
    {file = "numpy-1.25.2-cp39-cp39-win_amd64.whl", hash = "sha256:76b4115d42a7dfc5d485d358728cdd8719be33cc5ec6ec08632a5d6fca2ed380"},
    {file = "numpy-1.25.2-pp39-pypy39_pp73-macosx_10_9_x86_64.whl", hash = "sha256:1a1329e26f46230bf77b02cc19e900db9b52f398d6722ca853349a782d4cff55"},
    {file = "numpy-1.25.2-pp39-pypy39_pp73-manylinux_2_17_x86_64.manylinux2014_x86_64.whl", hash = "sha256:4c3abc71e8b6edba80a01a52e66d83c5d14433cbcd26a40c329ec7ed09f37901"},
    {file = "numpy-1.25.2-pp39-pypy39_pp73-win_amd64.whl", hash = "sha256:1b9735c27cea5d995496f46a8b1cd7b408b3f34b6d50459d9ac8fe3a20cc17bf"},
    {file = "numpy-1.25.2.tar.gz", hash = "sha256:fd608e19c8d7c55021dffd43bfe5492fab8cc105cc8986f813f8c3c048b38760"},
]

[[package]]
name = "scipy"
version = "1.11.3"
description = "Fundamental algorithms for scientific computing in Python"
optional = false
python-versions = "<3.13,>=3.9"
files = [
    {file = "scipy-1.11.3-cp310-cp310-macosx_10_9_x86_64.whl", hash = "sha256:370f569c57e1d888304052c18e58f4a927338eafdaef78613c685ca2ea0d1fa0"},
    {file = "scipy-1.11.3-cp310-cp310-macosx_12_0_arm64.whl", hash = "sha256:9885e3e4f13b2bd44aaf2a1a6390a11add9f48d5295f7a592393ceb8991577a3"},
    {file = "scipy-1.11.3-cp310-cp310-manylinux_2_17_aarch64.manylinux2014_aarch64.whl", hash = "sha256:e04aa19acc324a1a076abb4035dabe9b64badb19f76ad9c798bde39d41025cdc"},
    {file = "scipy-1.11.3-cp310-cp310-manylinux_2_17_x86_64.manylinux2014_x86_64.whl", hash = "sha256:3e1a8a4657673bfae1e05e1e1d6e94b0cabe5ed0c7c144c8aa7b7dbb774ce5c1"},
    {file = "scipy-1.11.3-cp310-cp310-musllinux_1_1_x86_64.whl", hash = "sha256:7abda0e62ef00cde826d441485e2e32fe737bdddee3324e35c0e01dee65e2a88"},
    {file = "scipy-1.11.3-cp310-cp310-win_amd64.whl", hash = "sha256:033c3fd95d55012dd1148b201b72ae854d5086d25e7c316ec9850de4fe776929"},
    {file = "scipy-1.11.3-cp311-cp311-macosx_10_9_x86_64.whl", hash = "sha256:925c6f09d0053b1c0f90b2d92d03b261e889b20d1c9b08a3a51f61afc5f58165"},
    {file = "scipy-1.11.3-cp311-cp311-macosx_12_0_arm64.whl", hash = "sha256:5664e364f90be8219283eeb844323ff8cd79d7acbd64e15eb9c46b9bc7f6a42a"},
    {file = "scipy-1.11.3-cp311-cp311-manylinux_2_17_aarch64.manylinux2014_aarch64.whl", hash = "sha256:00f325434b6424952fbb636506f0567898dca7b0f7654d48f1c382ea338ce9a3"},
    {file = "scipy-1.11.3-cp311-cp311-manylinux_2_17_x86_64.manylinux2014_x86_64.whl", hash = "sha256:5f290cf561a4b4edfe8d1001ee4be6da60c1c4ea712985b58bf6bc62badee221"},
    {file = "scipy-1.11.3-cp311-cp311-musllinux_1_1_x86_64.whl", hash = "sha256:91770cb3b1e81ae19463b3c235bf1e0e330767dca9eb4cd73ba3ded6c4151e4d"},
    {file = "scipy-1.11.3-cp311-cp311-win_amd64.whl", hash = "sha256:e1f97cd89c0fe1a0685f8f89d85fa305deb3067d0668151571ba50913e445820"},
    {file = "scipy-1.11.3-cp312-cp312-macosx_10_9_x86_64.whl", hash = "sha256:dfcc1552add7cb7c13fb70efcb2389d0624d571aaf2c80b04117e2755a0c5d15"},
    {file = "scipy-1.11.3-cp312-cp312-macosx_12_0_arm64.whl", hash = "sha256:0d3a136ae1ff0883fffbb1b05b0b2fea251cb1046a5077d0b435a1839b3e52b7"},
    {file = "scipy-1.11.3-cp312-cp312-manylinux_2_17_aarch64.manylinux2014_aarch64.whl", hash = "sha256:bae66a2d7d5768eaa33008fa5a974389f167183c87bf39160d3fefe6664f8ddc"},
    {file = "scipy-1.11.3-cp312-cp312-manylinux_2_17_x86_64.manylinux2014_x86_64.whl", hash = "sha256:d2f6dee6cbb0e263b8142ed587bc93e3ed5e777f1f75448d24fb923d9fd4dce6"},
    {file = "scipy-1.11.3-cp312-cp312-musllinux_1_1_x86_64.whl", hash = "sha256:74e89dc5e00201e71dd94f5f382ab1c6a9f3ff806c7d24e4e90928bb1aafb280"},
    {file = "scipy-1.11.3-cp312-cp312-win_amd64.whl", hash = "sha256:90271dbde4be191522b3903fc97334e3956d7cfb9cce3f0718d0ab4fd7d8bfd6"},
    {file = "scipy-1.11.3-cp39-cp39-macosx_10_9_x86_64.whl", hash = "sha256:a63d1ec9cadecce838467ce0631c17c15c7197ae61e49429434ba01d618caa83"},
    {file = "scipy-1.11.3-cp39-cp39-macosx_12_0_arm64.whl", hash = "sha256:5305792c7110e32ff155aed0df46aa60a60fc6e52cd4ee02cdeb67eaccd5356e"},
    {file = "scipy-1.11.3-cp39-cp39-manylinux_2_17_aarch64.manylinux2014_aarch64.whl", hash = "sha256:9ea7f579182d83d00fed0e5c11a4aa5ffe01460444219dedc448a36adf0c3917"},
    {file = "scipy-1.11.3-cp39-cp39-manylinux_2_17_x86_64.manylinux2014_x86_64.whl", hash = "sha256:c77da50c9a91e23beb63c2a711ef9e9ca9a2060442757dffee34ea41847d8156"},
    {file = "scipy-1.11.3-cp39-cp39-musllinux_1_1_x86_64.whl", hash = "sha256:15f237e890c24aef6891c7d008f9ff7e758c6ef39a2b5df264650eb7900403c0"},
    {file = "scipy-1.11.3-cp39-cp39-win_amd64.whl", hash = "sha256:4b4bb134c7aa457e26cc6ea482b016fef45db71417d55cc6d8f43d799cdf9ef2"},
    {file = "scipy-1.11.3.tar.gz", hash = "sha256:bba4d955f54edd61899776bad459bf7326e14b9fa1c552181f0479cc60a568cd"},
]

[package.dependencies]
numpy = ">=1.21.6,<1.28.0"

[package.extras]
dev = ["click", "cython-lint (>=0.12.2)", "doit (>=0.36.0)", "mypy", "pycodestyle", "pydevtool", "rich-click", "ruff", "types-psutil", "typing_extensions"]
doc = ["jupytext", "matplotlib (>2)", "myst-nb", "numpydoc", "pooch", "pydata-sphinx-theme (==0.9.0)", "sphinx (!=4.1.0)", "sphinx-design (>=0.2.0)"]
test = ["asv", "gmpy2", "mpmath", "pooch", "pytest", "pytest-cov", "pytest-timeout", "pytest-xdist", "scikit-umfpack", "threadpoolctl"]

[[package]]
name = "setuptools"
version = "59.8.0"
description = "Easily download, build, install, upgrade, and uninstall Python packages"
optional = false
python-versions = ">=3.7"
files = [
    {file = "setuptools-59.8.0-py3-none-any.whl", hash = "sha256:608a7885b664342ae9fafc43840b29d219c5a578876f6f7e00c4e2612160587f"},
    {file = "setuptools-59.8.0.tar.gz", hash = "sha256:09980778aa734c3037a47997f28d6db5ab18bdf2af0e49f719bfc53967fd2e82"},
]

[package.extras]
docs = ["furo", "jaraco.packaging (>=8.2)", "jaraco.tidelift (>=1.4)", "pygments-github-lexers (==0.0.5)", "rst.linker (>=1.9)", "sphinx", "sphinx-inline-tabs", "sphinxcontrib-towncrier"]
testing = ["flake8-2020", "jaraco.envs (>=2.2)", "jaraco.path (>=3.2.0)", "mock", "paver", "pip (>=19.1)", "pytest (>=6)", "pytest-black (>=0.3.7)", "pytest-checkdocs (>=2.4)", "pytest-cov", "pytest-enabler (>=1.0.1)", "pytest-flake8", "pytest-mypy", "pytest-virtualenv (>=1.2.7)", "pytest-xdist", "sphinx", "virtualenv (>=13.0.0)", "wheel"]

[metadata]
lock-version = "2.0"
python-versions = "^3.9,<3.12"
content-hash = "86d01579fe6488fb39df1591531dd21249fdcc3f2784721b87539703738486c5"
